
Microsoft Visual Studio Solution File, Format Version 12.00
# Visual Studio 2013
VisualStudioVersion = 12.0.21005.1
MinimumVisualStudioVersion = 10.0.40219.1
Project("{FAE04EC0-301F-11D3-BF4B-00C04F79EFBC}") = "MarkPlace", "MarkPlace\MarkPlace.csproj", "{C25EDD51-6E2E-4030-ABDC-36EB90F8FFD3}"
EndProject
Project("{2150E333-8FDC-42A3-9474-1A3956D46DE8}") = "Solution Items", "Solution Items", "{BD966B08-C40E-46C9-9CD7-B9592270ACFC}"
	ProjectSection(SolutionItems) = preProject
		MarkPlace\ReadMe.md = MarkPlace\ReadMe.md
	EndProjectSection
EndProject
Global
	GlobalSection(SolutionConfigurationPlatforms) = preSolution
		Debug|Any CPU = Debug|Any CPU
		Release|Any CPU = Release|Any CPU
	EndGlobalSection
	GlobalSection(ProjectConfigurationPlatforms) = postSolution
		{C25EDD51-6E2E-4030-ABDC-36EB90F8FFD3}.Debug|Any CPU.ActiveCfg = Debug|Any CPU
		{C25EDD51-6E2E-4030-ABDC-36EB90F8FFD3}.Debug|Any CPU.Build.0 = Debug|Any CPU
		{C25EDD51-6E2E-4030-ABDC-36EB90F8FFD3}.Release|Any CPU.ActiveCfg = Release|Any CPU
		{C25EDD51-6E2E-4030-ABDC-36EB90F8FFD3}.Release|Any CPU.Build.0 = Release|Any CPU
	EndGlobalSection
	GlobalSection(SolutionProperties) = preSolution
		HideSolutionNode = FALSE
	EndGlobalSection
EndGlobal
